
Microsoft Visual Studio Solution File, Format Version 12.00
# Visual Studio Version 16
VisualStudioVersion = 16.0.31025.194
MinimumVisualStudioVersion = 10.0.40219.1
Project("{FAE04EC0-301F-11D3-BF4B-00C04F79EFBC}") = "ContosoUniversity", "ContosoUniversity\ContosoUniversity.csproj", "{DE3193F9-F704-46D0-A7B2-16FB6983EBF1}"
EndProject
Global
	GlobalSection(SolutionConfigurationPlatforms) = preSolution
		Debug|Any CPU = Debug|Any CPU
		Release|Any CPU = Release|Any CPU
	EndGlobalSection
	GlobalSection(ProjectConfigurationPlatforms) = postSolution
		{DE3193F9-F704-46D0-A7B2-16FB6983EBF1}.Debug|Any CPU.ActiveCfg = Debug|Any CPU
		{DE3193F9-F704-46D0-A7B2-16FB6983EBF1}.Debug|Any CPU.Build.0 = Debug|Any CPU
		{DE3193F9-F704-46D0-A7B2-16FB6983EBF1}.Release|Any CPU.ActiveCfg = Release|Any CPU
		{DE3193F9-F704-46D0-A7B2-16FB6983EBF1}.Release|Any CPU.Build.0 = Release|Any CPU
	EndGlobalSection
	GlobalSection(SolutionProperties) = preSolution
		HideSolutionNode = FALSE
	EndGlobalSection
	GlobalSection(ExtensibilityGlobals) = postSolution
		SolutionGuid = {B97B916C-BF24-4622-A811-D71F3888556E}
	EndGlobalSection
EndGlobal
